
Microsoft Visual Studio Solution File, Format Version 12.00
# Visual Studio Version 17
VisualStudioVersion = 17.5.33516.290
MinimumVisualStudioVersion = 10.0.40219.1
Project("{FAE04EC0-301F-11D3-BF4B-00C04F79EFBC}") = "SE Projext", "SE Projext\SE Projext.csproj", "{5A61682B-8CAF-4EE1-A5E9-4A6FEE3A477D}"
EndProject
Global
	GlobalSection(SolutionConfigurationPlatforms) = preSolution
		Debug|Any CPU = Debug|Any CPU
		Release|Any CPU = Release|Any CPU
	EndGlobalSection
	GlobalSection(ProjectConfigurationPlatforms) = postSolution
		{5A61682B-8CAF-4EE1-A5E9-4A6FEE3A477D}.Debug|Any CPU.ActiveCfg = Debug|Any CPU
		{5A61682B-8CAF-4EE1-A5E9-4A6FEE3A477D}.Debug|Any CPU.Build.0 = Debug|Any CPU
		{5A61682B-8CAF-4EE1-A5E9-4A6FEE3A477D}.Release|Any CPU.ActiveCfg = Release|Any CPU
		{5A61682B-8CAF-4EE1-A5E9-4A6FEE3A477D}.Release|Any CPU.Build.0 = Release|Any CPU
	EndGlobalSection
	GlobalSection(SolutionProperties) = preSolution
		HideSolutionNode = FALSE
	EndGlobalSection
	GlobalSection(ExtensibilityGlobals) = postSolution
		SolutionGuid = {496F5268-76E4-48DB-ABC7-C29C51389112}
	EndGlobalSection
EndGlobal
